{
  "name": "@federicorz98/package-test",
  "version": "1.0.0",
  "lockfileVersion": 3,
  "requires": true,
  "publishConfig": {
    "@federicorz98:registry": "https://npm.pkg.github.com"
  },
  "packages": {
    "": {
      "name": "@federicorz98/package-test",
      "version": "1.0.0",
      "license": "ISC"
    }
  }
}
